
Microsoft Visual Studio Solution File, Format Version 12.00
# Visual Studio Version 17
VisualStudioVersion = 17.4.33110.190
MinimumVisualStudioVersion = 10.0.40219.1
Project("{FAE04EC0-301F-11D3-BF4B-00C04F79EFBC}") = "Dump_dr_3", "Dump_dr_3\Dump_dr_3.csproj", "{0D5380D5-75F8-466B-9892-AF8174BB5360}"
EndProject
Global
	GlobalSection(SolutionConfigurationPlatforms) = preSolution
		Debug|Any CPU = Debug|Any CPU
		Release|Any CPU = Release|Any CPU
	EndGlobalSection
	GlobalSection(ProjectConfigurationPlatforms) = postSolution
		{0D5380D5-75F8-466B-9892-AF8174BB5360}.Debug|Any CPU.ActiveCfg = Debug|Any CPU
		{0D5380D5-75F8-466B-9892-AF8174BB5360}.Debug|Any CPU.Build.0 = Debug|Any CPU
		{0D5380D5-75F8-466B-9892-AF8174BB5360}.Release|Any CPU.ActiveCfg = Release|Any CPU
		{0D5380D5-75F8-466B-9892-AF8174BB5360}.Release|Any CPU.Build.0 = Release|Any CPU
	EndGlobalSection
	GlobalSection(SolutionProperties) = preSolution
		HideSolutionNode = FALSE
	EndGlobalSection
	GlobalSection(ExtensibilityGlobals) = postSolution
		SolutionGuid = {C06DD6E3-6DA5-43BA-BB62-36FD38641AAC}
	EndGlobalSection
EndGlobal
